
Microsoft Visual Studio Solution File, Format Version 12.00
# Visual Studio 15
VisualStudioVersion = 15.0.28307.421
MinimumVisualStudioVersion = 10.0.40219.1
Project("{FAE04EC0-301F-11D3-BF4B-00C04F79EFBC}") = "EunokiBot", "EunokiBot\EunokiBot.csproj", "{BB501D56-9B64-4BCC-BA0E-B496D6F7D9EB}"
EndProject
Global
	GlobalSection(SolutionConfigurationPlatforms) = preSolution
		Debug|Any CPU = Debug|Any CPU
		Release|Any CPU = Release|Any CPU
	EndGlobalSection
	GlobalSection(ProjectConfigurationPlatforms) = postSolution
		{BB501D56-9B64-4BCC-BA0E-B496D6F7D9EB}.Debug|Any CPU.ActiveCfg = Debug|Any CPU
		{BB501D56-9B64-4BCC-BA0E-B496D6F7D9EB}.Debug|Any CPU.Build.0 = Debug|Any CPU
		{BB501D56-9B64-4BCC-BA0E-B496D6F7D9EB}.Release|Any CPU.ActiveCfg = Release|Any CPU
		{BB501D56-9B64-4BCC-BA0E-B496D6F7D9EB}.Release|Any CPU.Build.0 = Release|Any CPU
	EndGlobalSection
	GlobalSection(SolutionProperties) = preSolution
		HideSolutionNode = FALSE
	EndGlobalSection
	GlobalSection(ExtensibilityGlobals) = postSolution
		SolutionGuid = {E5C3A7DF-3CCA-4631-9B28-A3570D4964B5}
	EndGlobalSection
EndGlobal
